// !$*UTF8*$!
{
	archiveVersion = 1;
	classes = {
	};
	objectVersion = 77;
	objects = {

/* Begin PBXContainerItemProxy section */
		A093D3AC2E62642A001BD3CA /* PBXContainerItemProxy */ = {
			isa = PBXContainerItemProxy;
			containerPortal = A093D38A2E626429001BD3CA /* Project object */;
			proxyType = 1;
			remoteGlobalIDString = A093D3912E626429001BD3CA;
			remoteInfo = FitFun;
		};
		A093D3B62E62642A001BD3CA /* PBXContainerItemProxy */ = {
			isa = PBXContainerItemProxy;
			containerPortal = A093D38A2E626429001BD3CA /* Project object */;
			proxyType = 1;
			remoteGlobalIDString = A093D3912E626429001BD3CA;
			remoteInfo = FitFun;
		};
/* End PBXContainerItemProxy section */

/* Begin PBXFileReference section */
		A093D3922E626429001BD3CA /* FitFun.app */ = {isa = PBXFileReference; explicitFileType = wrapper.application; includeInIndex = 0; path = FitFun.app; sourceTree = BUILT_PRODUCTS_DIR; };
		A093D3AB2E62642A001BD3CA /* FitFunTests.xctest */ = {isa = PBXFileReference; explicitFileType = wrapper.cfbundle; includeInIndex = 0; path = FitFunTests.xctest; sourceTree = BUILT_PRODUCTS_DIR; };
		A093D3B52E62642A001BD3CA /* FitFunUITests.xctest */ = {isa = PBXFileReference; explicitFileType = wrapper.cfbundle; includeInIndex = 0; path = FitFunUITests.xctest; sourceTree = BUILT_PRODUCTS_DIR; };
/* End PBXFileReference section */

/* Begin PBXFileSystemSynchronizedRootGroup section */
		A093D3942E626429001BD3CA /* FitFun */ = {
			isa = PBXFileSystemSynchronizedRootGroup;
			path = FitFun;
			sourceTree = "<group>";
		};
		A093D3AE2E62642A001BD3CA /* FitFunTests */ = {
			isa = PBXFileSystemSynchronizedRootGroup;
			path = FitFunTests;
			sourceTree = "<group>";
		};
		A093D3B82E62642A001BD3CA /* FitFunUITests */ = {
			isa = PBXFileSystemSynchronizedRootGroup;
			path = FitFunUITests;
			sourceTree = "<group>";
		};
/* End PBXFileSystemSynchronizedRootGroup section */

/* Begin PBXFrameworksBuildPhase section */
		A093D38F2E626429001BD3CA /* Frameworks */ = {
			isa = PBXFrameworksBuildPhase;
			buildActionMask = 2147483647;
			files = (
			);
			runOnlyForDeploymentPostprocessing = 0;
		};
		A093D3A82E62642A001BD3CA /* Frameworks */ = {
			isa = PBXFrameworksBuildPhase;
			buildActionMask = 2147483647;
			files = (
			);
			runOnlyForDeploymentPostprocessing = 0;
		};
		A093D3B22E62642A001BD3CA /* Frameworks */ = {
			isa = PBXFrameworksBuildPhase;
			buildActionMask = 2147483647;
			files = (
			);
			runOnlyForDeploymentPostprocessing = 0;
		};
/* End PBXFrameworksBuildPhase section */

/* Begin PBXGroup section */
		A093D3892E626429001BD3CA = {
			isa = PBXGroup;
			children = (
				A093D3942E626429001BD3CA /* FitFun */,
				A093D3AE2E62642A001BD3CA /* FitFunTests */,
				A093D3B82E62642A001BD3CA /* FitFunUITests */,
				A093D3932E626429001BD3CA /* Products */,
			);
			sourceTree = "<group>";
		};
		A093D3932E626429001BD3CA /* Products */ = {
			isa = PBXGroup;
			children = (
				A093D3922E626429001BD3CA /* FitFun.app */,
				A093D3AB2E62642A001BD3CA /* FitFunTests.xctest */,
				A093D3B52E62642A001BD3CA /* FitFunUITests.xctest */,
			);
			name = Products;
			sourceTree = "<group>";
		};
/* End PBXGroup section */

/* Begin PBXNativeTarget section */
		A093D3912E626429001BD3CA /* FitFun */ = {
			isa = PBXNativeTarget;
			buildConfigurationList = A093D3BF2E62642A001BD3CA /* Build configuration list for PBXNativeTarget "FitFun" */;
			buildPhases = (
				A093D38E2E626429001BD3CA /* Sources */,
				A093D38F2E626429001BD3CA /* Frameworks */,
				A093D3902E626429001BD3CA /* Resources */,
			);
			buildRules = (
			);
			dependencies = (
			);
			fileSystemSynchronizedGroups = (
				A093D3942E626429001BD3CA /* FitFun */,
			);
			name = FitFun;
			packageProductDependencies = (
			);
			productName = FitFun;
			productReference = A093D3922E626429001BD3CA /* FitFun.app */;
			productType = "com.apple.product-type.application";
		};
		A093D3AA2E62642A001BD3CA /* FitFunTests */ = {
			isa = PBXNativeTarget;
			buildConfigurationList = A093D3C22E62642A001BD3CA /* Build configuration list for PBXNativeTarget "FitFunTests" */;
			buildPhases = (
				A093D3A72E62642A001BD3CA /* Sources */,
				A093D3A82E62642A001BD3CA /* Frameworks */,
				A093D3A92E62642A001BD3CA /* Resources */,
			);
			buildRules = (
			);
			dependencies = (
				A093D3AD2E62642A001BD3CA /* PBXTargetDependency */,
			);
			fileSystemSynchronizedGroups = (
				A093D3AE2E62642A001BD3CA /* FitFunTests */,
			);
			name = FitFunTests;
			packageProductDependencies = (
			);
			productName = FitFunTests;
			productReference = A093D3AB2E62642A001BD3CA /* FitFunTests.xctest */;
			productType = "com.apple.product-type.bundle.unit-test";
		};
		A093D3B42E62642A001BD3CA /* FitFunUITests */ = {
			isa = PBXNativeTarget;
			buildConfigurationList = A093D3C52E62642A001BD3CA /* Build configuration list for PBXNativeTarget "FitFunUITests" */;
			buildPhases = (
				A093D3B12E62642A001BD3CA /* Sources */,
				A093D3B22E62642A001BD3CA /* Frameworks */,
				A093D3B32E62642A001BD3CA /* Resources */,
			);
			buildRules = (
			);
			dependencies = (
				A093D3B72E62642A001BD3CA /* PBXTargetDependency */,
			);
			fileSystemSynchronizedGroups = (
				A093D3B82E62642A001BD3CA /* FitFunUITests */,
			);
			name = FitFunUITests;
			packageProductDependencies = (
			);
			productName = FitFunUITests;
			productReference = A093D3B52E62642A001BD3CA /* FitFunUITests.xctest */;
			productType = "com.apple.product-type.bundle.ui-testing";
		};
/* End PBXNativeTarget section */

/* Begin PBXProject section */
		A093D38A2E626429001BD3CA /* Project object */ = {
			isa = PBXProject;
			attributes = {
				BuildIndependentTargetsInParallel = 1;
				LastSwiftUpdateCheck = 1630;
				LastUpgradeCheck = 1630;
				TargetAttributes = {
					A093D3912E626429001BD3CA = {
						CreatedOnToolsVersion = 16.3;
					};
					A093D3AA2E62642A001BD3CA = {
						CreatedOnToolsVersion = 16.3;
						TestTargetID = A093D3912E626429001BD3CA;
					};
					A093D3B42E62642A001BD3CA = {
						CreatedOnToolsVersion = 16.3;
						TestTargetID = A093D3912E626429001BD3CA;
					};
				};
			};
			buildConfigurationList = A093D38D2E626429001BD3CA /* Build configuration list for PBXProject "FitFun" */;
			developmentRegion = en;
			hasScannedForEncodings = 0;
			knownRegions = (
				en,
				Base,
			);
			mainGroup = A093D3892E626429001BD3CA;
			minimizedProjectReferenceProxies = 1;
			preferredProjectObjectVersion = 77;
			productRefGroup = A093D3932E626429001BD3CA /* Products */;
			projectDirPath = "";
			projectRoot = "";
			targets = (
				A093D3912E626429001BD3CA /* FitFun */,
				A093D3AA2E62642A001BD3CA /* FitFunTests */,
				A093D3B42E62642A001BD3CA /* FitFunUITests */,
			);
		};
/* End PBXProject section */

/* Begin PBXResourcesBuildPhase section */
		A093D3902E626429001BD3CA /* Resources */ = {
			isa = PBXResourcesBuildPhase;
			buildActionMask = 2147483647;
			files = (
			);
			runOnlyForDeploymentPostprocessing = 0;
		};
		A093D3A92E62642A001BD3CA /* Resources */ = {
			isa = PBXResourcesBuildPhase;
			buildActionMask = 2147483647;
			files = (
			);
			runOnlyForDeploymentPostprocessing = 0;
		};
		A093D3B32E62642A001BD3CA /* Resources */ = {
			isa = PBXResourcesBuildPhase;
			buildActionMask = 2147483647;
			files = (
			);
			runOnlyForDeploymentPostprocessing = 0;
		};
/* End PBXResourcesBuildPhase section */

/* Begin PBXSourcesBuildPhase section */
		A093D38E2E626429001BD3CA /* Sources */ = {
			isa = PBXSourcesBuildPhase;
			buildActionMask = 2147483647;
			files = (
			);
			runOnlyForDeploymentPostprocessing = 0;
		};
		A093D3A72E62642A001BD3CA /* Sources */ = {
			isa = PBXSourcesBuildPhase;
			buildActionMask = 2147483647;
			files = (
			);
			runOnlyForDeploymentPostprocessing = 0;
		};
		A093D3B12E62642A001BD3CA /* Sources */ = {
			isa = PBXSourcesBuildPhase;
			buildActionMask = 2147483647;
			files = (
			);
			runOnlyForDeploymentPostprocessing = 0;
		};
/* End PBXSourcesBuildPhase section */

/* Begin PBXTargetDependency section */
		A093D3AD2E62642A001BD3CA /* PBXTargetDependency */ = {
			isa = PBXTargetDependency;
			target = A093D3912E626429001BD3CA /* FitFun */;
			targetProxy = A093D3AC2E62642A001BD3CA /* PBXContainerItemProxy */;
		};
		A093D3B72E62642A001BD3CA /* PBXTargetDependency */ = {
			isa = PBXTargetDependency;
			target = A093D3912E626429001BD3CA /* FitFun */;
			targetProxy = A093D3B62E62642A001BD3CA /* PBXContainerItemProxy */;
		};
/* End PBXTargetDependency section */

/* Begin XCBuildConfiguration section */
		A093D3BD2E62642A001BD3CA /* Debug */ = {
			isa = XCBuildConfiguration;
			buildSettings = {
				ALWAYS_SEARCH_USER_PATHS = NO;
				ASSETCATALOG_COMPILER_GENERATE_SWIFT_ASSET_SYMBOL_EXTENSIONS = YES;
				CLANG_ANALYZER_NONNULL = YES;
				CLANG_ANALYZER_NUMBER_OBJECT_CONVERSION = YES_AGGRESSIVE;
				CLANG_CXX_LANGUAGE_STANDARD = "gnu++20";
				CLANG_ENABLE_MODULES = YES;
				CLANG_ENABLE_OBJC_ARC = YES;
				CLANG_ENABLE_OBJC_WEAK = YES;
				CLANG_WARN_BLOCK_CAPTURE_AUTORELEASING = YES;
				CLANG_WARN_BOOL_CONVERSION = YES;
				CLANG_WARN_COMMA = YES;
				CLANG_WARN_CONSTANT_CONVERSION = YES;
				CLANG_WARN_DEPRECATED_OBJC_IMPLEMENTATIONS = YES;
				CLANG_WARN_DIRECT_OBJC_ISA_USAGE = YES_ERROR;
				CLANG_WARN_DOCUMENTATION_COMMENTS = YES;
				CLANG_WARN_EMPTY_BODY = YES;
				CLANG_WARN_ENUM_CONVERSION = YES;
				CLANG_WARN_INFINITE_RECURSION = YES;
				CLANG_WARN_INT_CONVERSION = YES;
				CLANG_WARN_NON_LITERAL_NULL_CONVERSION = YES;
				CLANG_WARN_OBJC_IMPLICIT_RETAIN_SELF = YES;
				CLANG_WARN_OBJC_LITERAL_CONVERSION = YES;
				CLANG_WARN_OBJC_ROOT_CLASS = YES_ERROR;
				CLANG_WARN_QUOTED_INCLUDE_IN_FRAMEWORK_HEADER = YES;
				CLANG_WARN_RANGE_LOOP_ANALYSIS = YES;
				CLANG_WARN_STRICT_PROTOTYPES = YES;
				CLANG_WARN_SUSPICIOUS_MOVE = YES;
				CLANG_WARN_UNGUARDED_AVAILABILITY = YES_AGGRESSIVE;
				CLANG_WARN_UNREACHABLE_CODE = YES;
				CLANG_WARN__DUPLICATE_METHOD_MATCH = YES;
				COPY_PHASE_STRIP = NO;
				DEBUG_INFORMATION_FORMAT = dwarf;
				DEVELOPMENT_TEAM = KAJSQ5ZH42;
				ENABLE_STRICT_OBJC_MSGSEND = YES;
				ENABLE_TESTABILITY = YES;
				ENABLE_USER_SCRIPT_SANDBOXING = YES;
				GCC_C_LANGUAGE_STANDARD = gnu17;
				GCC_DYNAMIC_NO_PIC = NO;
				GCC_NO_COMMON_BLOCKS = YES;
				GCC_OPTIMIZATION_LEVEL = 0;
				GCC_PREPROCESSOR_DEFINITIONS = (
					"DEBUG=1",
					"$(inherited)",
				);
				GCC_WARN_64_TO_32_BIT_CONVERSION = YES;
				GCC_WARN_ABOUT_RETURN_TYPE = YES_ERROR;
				GCC_WARN_UNDECLARED_SELECTOR = YES;
				GCC_WARN_UNINITIALIZED_AUTOS = YES_AGGRESSIVE;
				GCC_WARN_UNUSED_FUNCTION = YES;
				GCC_WARN_UNUSED_VARIABLE = YES;
				LOCALIZATION_PREFERS_STRING_CATALOGS = YES;
				MTL_ENABLE_DEBUG_INFO = INCLUDE_SOURCE;
				MTL_FAST_MATH = YES;
				ONLY_ACTIVE_ARCH = YES;
				SDKROOT = appletvos;
				SWIFT_ACTIVE_COMPILATION_CONDITIONS = "DEBUG $(inherited)";
				SWIFT_OPTIMIZATION_LEVEL = "-Onone";
				TVOS_DEPLOYMENT_TARGET = 18.4;
			};
			name = Debug;
		};
		A093D3BE2E62642A001BD3CA /* Release */ = {
			isa = XCBuildConfiguration;
			buildSettings = {
				ALWAYS_SEARCH_USER_PATHS = NO;
				ASSETCATALOG_COMPILER_GENERATE_SWIFT_ASSET_SYMBOL_EXTENSIONS = YES;
				CLANG_ANALYZER_NONNULL = YES;
				CLANG_ANALYZER_NUMBER_OBJECT_CONVERSION = YES_AGGRESSIVE;
				CLANG_CXX_LANGUAGE_STANDARD = "gnu++20";
				CLANG_ENABLE_MODULES = YES;
				CLANG_ENABLE_OBJC_ARC = YES;
				CLANG_ENABLE_OBJC_WEAK = YES;
				CLANG_WARN_BLOCK_CAPTURE_AUTORELEASING = YES;
				CLANG_WARN_BOOL_CONVERSION = YES;
				CLANG_WARN_COMMA = YES;
				CLANG_WARN_CONSTANT_CONVERSION = YES;
				CLANG_WARN_DEPRECATED_OBJC_IMPLEMENTATIONS = YES;
				CLANG_WARN_DIRECT_OBJC_ISA_USAGE = YES_ERROR;
				CLANG_WARN_DOCUMENTATION_COMMENTS = YES;
				CLANG_WARN_EMPTY_BODY = YES;
				CLANG_WARN_ENUM_CONVERSION = YES;
				CLANG_WARN_INFINITE_RECURSION = YES;
				CLANG_WARN_INT_CONVERSION = YES;
				CLANG_WARN_NON_LITERAL_NULL_CONVERSION = YES;
				CLANG_WARN_OBJC_IMPLICIT_RETAIN_SELF = YES;
				CLANG_WARN_OBJC_LITERAL_CONVERSION = YES;
				CLANG_WARN_OBJC_ROOT_CLASS = YES_ERROR;
				CLANG_WARN_QUOTED_INCLUDE_IN_FRAMEWORK_HEADER = YES;
				CLANG_WARN_RANGE_LOOP_ANALYSIS = YES;
				CLANG_WARN_STRICT_PROTOTYPES = YES;
				CLANG_WARN_SUSPICIOUS_MOVE = YES;
				CLANG_WARN_UNGUARDED_AVAILABILITY = YES_AGGRESSIVE;
				CLANG_WARN_UNREACHABLE_CODE = YES;
				CLANG_WARN__DUPLICATE_METHOD_MATCH = YES;
				COPY_PHASE_STRIP = NO;
				DEBUG_INFORMATION_FORMAT = "dwarf-with-dsym";
				DEVELOPMENT_TEAM = KAJSQ5ZH42;
				ENABLE_NS_ASSERTIONS = NO;
				ENABLE_STRICT_OBJC_MSGSEND = YES;
				ENABLE_USER_SCRIPT_SANDBOXING = YES;
				GCC_C_LANGUAGE_STANDARD = gnu17;
				GCC_NO_COMMON_BLOCKS = YES;
				GCC_WARN_64_TO_32_BIT_CONVERSION = YES;
				GCC_WARN_ABOUT_RETURN_TYPE = YES_ERROR;
				GCC_WARN_UNDECLARED_SELECTOR = YES;
				GCC_WARN_UNINITIALIZED_AUTOS = YES_AGGRESSIVE;
				GCC_WARN_UNUSED_FUNCTION = YES;
				GCC_WARN_UNUSED_VARIABLE = YES;
				LOCALIZATION_PREFERS_STRING_CATALOGS = YES;
				MTL_ENABLE_DEBUG_INFO = NO;
				MTL_FAST_MATH = YES;
				SDKROOT = appletvos;
				SWIFT_COMPILATION_MODE = wholemodule;
				TVOS_DEPLOYMENT_TARGET = 18.4;
				VALIDATE_PRODUCT = YES;
			};
			name = Release;
		};
		A093D3C02E62642A001BD3CA /* Debug */ = {
			isa = XCBuildConfiguration;
			buildSettings = {
				ASSETCATALOG_COMPILER_APPICON_NAME = "App Icon & Top Shelf Image";
				ASSETCATALOG_COMPILER_GLOBAL_ACCENT_COLOR_NAME = AccentColor;
				CODE_SIGN_STYLE = Automatic;
				CURRENT_PROJECT_VERSION = 1;
				DEVELOPMENT_TEAM = KAJSQ5ZH42;
				GENERATE_INFOPLIST_FILE = YES;
				INFOPLIST_KEY_CFBundleDisplayName = FunFit;
				INFOPLIST_KEY_UILaunchStoryboardName = LaunchScreen;
				INFOPLIST_KEY_UIMainStoryboardFile = Main;
				INFOPLIST_KEY_UIUserInterfaceStyle = Automatic;
				LD_RUNPATH_SEARCH_PATHS = (
					"$(inherited)",
					"@executable_path/Frameworks",
				);
				MARKETING_VERSION = 1.0;
				PRODUCT_BUNDLE_IDENTIFIER = com.paynebrain.FitFun;
				PRODUCT_NAME = "$(TARGET_NAME)";
				SWIFT_EMIT_LOC_STRINGS = YES;
				SWIFT_VERSION = 5.0;
				TARGETED_DEVICE_FAMILY = 3;
			};
			name = Debug;
		};
		A093D3C12E62642A001BD3CA /* Release */ = {
			isa = XCBuildConfiguration;
			buildSettings = {
				ASSETCATALOG_COMPILER_APPICON_NAME = "App Icon & Top Shelf Image";
				ASSETCATALOG_COMPILER_GLOBAL_ACCENT_COLOR_NAME = AccentColor;
				CODE_SIGN_STYLE = Automatic;
				CURRENT_PROJECT_VERSION = 1;
				DEVELOPMENT_TEAM = KAJSQ5ZH42;
				GENERATE_INFOPLIST_FILE = YES;
				INFOPLIST_KEY_CFBundleDisplayName = FunFit;
				INFOPLIST_KEY_UILaunchStoryboardName = LaunchScreen;
				INFOPLIST_KEY_UIMainStoryboardFile = Main;
				INFOPLIST_KEY_UIUserInterfaceStyle = Automatic;
				LD_RUNPATH_SEARCH_PATHS = (
					"$(inherited)",
					"@executable_path/Frameworks",
				);
				MARKETING_VERSION = 1.0;
				PRODUCT_BUNDLE_IDENTIFIER = com.paynebrain.FitFun;
				PRODUCT_NAME = "$(TARGET_NAME)";
				SWIFT_EMIT_LOC_STRINGS = YES;
				SWIFT_VERSION = 5.0;
				TARGETED_DEVICE_FAMILY = 3;
			};
			name = Release;
		};
		A093D3C32E62642A001BD3CA /* Debug */ = {
			isa = XCBuildConfiguration;
			buildSettings = {
				BUNDLE_LOADER = "$(TEST_HOST)";
				CODE_SIGN_STYLE = Automatic;
				CURRENT_PROJECT_VERSION = 1;
				DEVELOPMENT_TEAM = KAJSQ5ZH42;
				GENERATE_INFOPLIST_FILE = YES;
				MARKETING_VERSION = 1.0;
				PRODUCT_BUNDLE_IDENTIFIER = com.paynebrain.FitFunTests;
				PRODUCT_NAME = "$(TARGET_NAME)";
				SWIFT_EMIT_LOC_STRINGS = NO;
				SWIFT_VERSION = 5.0;
				TARGETED_DEVICE_FAMILY = 3;
				TEST_HOST = "$(BUILT_PRODUCTS_DIR)/FitFun.app/$(BUNDLE_EXECUTABLE_FOLDER_PATH)/FitFun";
				TVOS_DEPLOYMENT_TARGET = 18.4;
			};
			name = Debug;
		};
		A093D3C42E62642A001BD3CA /* Release */ = {
			isa = XCBuildConfiguration;
			buildSettings = {
				BUNDLE_LOADER = "$(TEST_HOST)";
				CODE_SIGN_STYLE = Automatic;
				CURRENT_PROJECT_VERSION = 1;
				DEVELOPMENT_TEAM = KAJSQ5ZH42;
				GENERATE_INFOPLIST_FILE = YES;
				MARKETING_VERSION = 1.0;
				PRODUCT_BUNDLE_IDENTIFIER = com.paynebrain.FitFunTests;
				PRODUCT_NAME = "$(TARGET_NAME)";
				SWIFT_EMIT_LOC_STRINGS = NO;
				SWIFT_VERSION = 5.0;
				TARGETED_DEVICE_FAMILY = 3;
				TEST_HOST = "$(BUILT_PRODUCTS_DIR)/FitFun.app/$(BUNDLE_EXECUTABLE_FOLDER_PATH)/FitFun";
				TVOS_DEPLOYMENT_TARGET = 18.4;
			};
			name = Release;
		};
		A093D3C62E62642A001BD3CA /* Debug */ = {
			isa = XCBuildConfiguration;
			buildSettings = {
				CODE_SIGN_STYLE = Automatic;
				CURRENT_PROJECT_VERSION = 1;
				DEVELOPMENT_TEAM = KAJSQ5ZH42;
				GENERATE_INFOPLIST_FILE = YES;
				MARKETING_VERSION = 1.0;
				PRODUCT_BUNDLE_IDENTIFIER = com.paynebrain.FitFunUITests;
				PRODUCT_NAME = "$(TARGET_NAME)";
				SWIFT_EMIT_LOC_STRINGS = NO;
				SWIFT_VERSION = 5.0;
				TARGETED_DEVICE_FAMILY = 3;
				TEST_TARGET_NAME = FitFun;
			};
			name = Debug;
		};
		A093D3C72E62642A001BD3CA /* Release */ = {
			isa = XCBuildConfiguration;
			buildSettings = {
				CODE_SIGN_STYLE = Automatic;
				CURRENT_PROJECT_VERSION = 1;
				DEVELOPMENT_TEAM = KAJSQ5ZH42;
				GENERATE_INFOPLIST_FILE = YES;
				MARKETING_VERSION = 1.0;
				PRODUCT_BUNDLE_IDENTIFIER = com.paynebrain.FitFunUITests;
				PRODUCT_NAME = "$(TARGET_NAME)";
				SWIFT_EMIT_LOC_STRINGS = NO;
				SWIFT_VERSION = 5.0;
				TARGETED_DEVICE_FAMILY = 3;
				TEST_TARGET_NAME = FitFun;
			};
			name = Release;
		};
/* End XCBuildConfiguration section */

/* Begin XCConfigurationList section */
		A093D38D2E626429001BD3CA /* Build configuration list for PBXProject "FitFun" */ = {
			isa = XCConfigurationList;
			buildConfigurations = (
				A093D3BD2E62642A001BD3CA /* Debug */,
				A093D3BE2E62642A001BD3CA /* Release */,
			);
			defaultConfigurationIsVisible = 0;
			defaultConfigurationName = Release;
		};
		A093D3BF2E62642A001BD3CA /* Build configuration list for PBXNativeTarget "FitFun" */ = {
			isa = XCConfigurationList;
			buildConfigurations = (
				A093D3C02E62642A001BD3CA /* Debug */,
				A093D3C12E62642A001BD3CA /* Release */,
			);
			defaultConfigurationIsVisible = 0;
			defaultConfigurationName = Release;
		};
		A093D3C22E62642A001BD3CA /* Build configuration list for PBXNativeTarget "FitFunTests" */ = {
			isa = XCConfigurationList;
			buildConfigurations = (
				A093D3C32E62642A001BD3CA /* Debug */,
				A093D3C42E62642A001BD3CA /* Release */,
			);
			defaultConfigurationIsVisible = 0;
			defaultConfigurationName = Release;
		};
		A093D3C52E62642A001BD3CA /* Build configuration list for PBXNativeTarget "FitFunUITests" */ = {
			isa = XCConfigurationList;
			buildConfigurations = (
				A093D3C62E62642A001BD3CA /* Debug */,
				A093D3C72E62642A001BD3CA /* Release */,
			);
			defaultConfigurationIsVisible = 0;
			defaultConfigurationName = Release;
		};
/* End XCConfigurationList section */
	};
	rootObject = A093D38A2E626429001BD3CA /* Project object */;
}
